
Microsoft Visual Studio Solution File, Format Version 12.00
# Visual Studio Version 16
VisualStudioVersion = 16.0.31321.278
MinimumVisualStudioVersion = 10.0.40219.1
Project("{FAE04EC0-301F-11D3-BF4B-00C04F79EFBC}") = "Leadr", "Leadr\Leadr.csproj", "{0E34D08E-378F-49D5-950D-47EAF6266E79}"
EndProject
Project("{FAE04EC0-301F-11D3-BF4B-00C04F79EFBC}") = "Leadr.Tests", "Leadr.Tests\Leadr.Tests.csproj", "{FEFD312B-FD04-42D9-AA25-E19A4CA4F80E}"
EndProject
Global
	GlobalSection(SolutionConfigurationPlatforms) = preSolution
		Debug|Any CPU = Debug|Any CPU
		Release|Any CPU = Release|Any CPU
	EndGlobalSection
	GlobalSection(ProjectConfigurationPlatforms) = postSolution
		{0E34D08E-378F-49D5-950D-47EAF6266E79}.Debug|Any CPU.ActiveCfg = Debug|Any CPU
		{0E34D08E-378F-49D5-950D-47EAF6266E79}.Debug|Any CPU.Build.0 = Debug|Any CPU
		{0E34D08E-378F-49D5-950D-47EAF6266E79}.Release|Any CPU.ActiveCfg = Release|Any CPU
		{0E34D08E-378F-49D5-950D-47EAF6266E79}.Release|Any CPU.Build.0 = Release|Any CPU
		{FEFD312B-FD04-42D9-AA25-E19A4CA4F80E}.Debug|Any CPU.ActiveCfg = Debug|Any CPU
		{FEFD312B-FD04-42D9-AA25-E19A4CA4F80E}.Debug|Any CPU.Build.0 = Debug|Any CPU
		{FEFD312B-FD04-42D9-AA25-E19A4CA4F80E}.Release|Any CPU.ActiveCfg = Release|Any CPU
		{FEFD312B-FD04-42D9-AA25-E19A4CA4F80E}.Release|Any CPU.Build.0 = Release|Any CPU
	EndGlobalSection
	GlobalSection(SolutionProperties) = preSolution
		HideSolutionNode = FALSE
	EndGlobalSection
	GlobalSection(ExtensibilityGlobals) = postSolution
		SolutionGuid = {1AC95477-6759-4926-B037-F0D871C9FCC5}
	EndGlobalSection
EndGlobal
